
Microsoft Visual Studio Solution File, Format Version 12.00
# Visual Studio Version 17
VisualStudioVersion = 17.5.33414.496
MinimumVisualStudioVersion = 10.0.40219.1
Project("{2150E333-8FDC-42A3-9474-1A3956D46DE8}") = "WebClient", "WebClient", "{6E2EE10A-3687-4851-88F7-A11B10DF9266}"
EndProject
Project("{2150E333-8FDC-42A3-9474-1A3956D46DE8}") = "ApiGateway", "ApiGateway", "{ACAD47E9-4707-425B-9553-69CAAE0458BB}"
EndProject
Project("{2150E333-8FDC-42A3-9474-1A3956D46DE8}") = "Services", "Services", "{58C96EC2-118C-4E52-897D-5325815898E7}"
EndProject
Project("{2150E333-8FDC-42A3-9474-1A3956D46DE8}") = "Catalog", "Catalog", "{A50EAACF-F4D2-4293-8983-335E34C88508}"
EndProject
Project("{2150E333-8FDC-42A3-9474-1A3956D46DE8}") = "Customer", "Customer", "{FC81A50C-1CD6-4F4F-9086-5857D7990AF2}"
EndProject
Project("{2150E333-8FDC-42A3-9474-1A3956D46DE8}") = "Order", "Order", "{55D9EA4C-9F3F-4339-A27C-4737D0BC91B5}"
EndProject
Project("{9A19103F-16F7-4668-BE54-9A1E7A4F7556}") = "Catalog.Api", "src\Services\Catalog\Catalog.Api\Catalog.Api.csproj", "{83AA2704-4ACE-4FAB-80E3-07B44ED0A799}"
EndProject
Project("{2150E333-8FDC-42A3-9474-1A3956D46DE8}") = "API", "API", "{32498E10-F17F-4BBF-AC78-68A45C60D8F3}"
EndProject
Project("{2150E333-8FDC-42A3-9474-1A3956D46DE8}") = "Services", "Services", "{20DFE46F-6CCE-428F-A0A7-1A6EF3D9C769}"
EndProject
Project("{2150E333-8FDC-42A3-9474-1A3956D46DE8}") = "Persistence", "Persistence", "{0B982655-6D4C-4F74-A9C9-D5E0B1BCE7B7}"
EndProject
Project("{2150E333-8FDC-42A3-9474-1A3956D46DE8}") = "Models", "Models", "{6C16D312-3331-4BD9-A521-49A512B4DA5B}"
EndProject
Project("{9A19103F-16F7-4668-BE54-9A1E7A4F7556}") = "Catalog.Domain", "src\Services\Catalog\Catalog.Domain\Catalog.Domain.csproj", "{65A0C7C7-2B2A-4019-8124-1C66E94E12D4}"
EndProject
Project("{9A19103F-16F7-4668-BE54-9A1E7A4F7556}") = "Catalog.Persistence.Database", "src\Services\Catalog\Catalog.Persistence.Database\Catalog.Persistence.Database.csproj", "{33B108A8-8E89-4248-A3ED-C4DF8B1371B4}"
EndProject
Project("{9A19103F-16F7-4668-BE54-9A1E7A4F7556}") = "Catalog.Service.Queries", "src\Services\Catalog\Catalog.Service.Queries\Catalog.Service.Queries.csproj", "{95AF06D6-D989-40E4-AC0F-9960BAD32481}"
EndProject
Project("{2150E333-8FDC-42A3-9474-1A3956D46DE8}") = "API", "API", "{4BE76087-4418-4C33-9D37-5635C20CF5EC}"
EndProject
Project("{9A19103F-16F7-4668-BE54-9A1E7A4F7556}") = "Customer.Api", "src\Services\Customer\Customer.Api\Customer.Api.csproj", "{91881991-0382-451B-8565-6835C617CC8A}"
EndProject
Project("{2150E333-8FDC-42A3-9474-1A3956D46DE8}") = "Models", "Models", "{76CAA984-5EF9-48BB-A051-1274AA4FB6C3}"
EndProject
Project("{2150E333-8FDC-42A3-9474-1A3956D46DE8}") = "Persistence", "Persistence", "{0E513D99-F878-47C7-99E3-051343D558A3}"
EndProject
Project("{2150E333-8FDC-42A3-9474-1A3956D46DE8}") = "Services", "Services", "{0E7C9D23-DA18-4B3A-8DFA-F459E072B343}"
EndProject
Project("{9A19103F-16F7-4668-BE54-9A1E7A4F7556}") = "Customer.Domain", "src\Services\Customer\Customer.Domain\Customer.Domain.csproj", "{948C8C91-01A3-462D-91B1-C36B01A37FF6}"
EndProject
Project("{9A19103F-16F7-4668-BE54-9A1E7A4F7556}") = "Customer.Persistence.Database", "src\Services\Customer\Customer.Persistence.Database\Customer.Persistence.Database.csproj", "{F62CB267-75EA-4877-89FA-E014E5E668E4}"
EndProject
Project("{9A19103F-16F7-4668-BE54-9A1E7A4F7556}") = "Customer.Service.Queries", "src\Services\Customer\Customer.Service.Queries\Customer.Service.Queries.csproj", "{AF3A2255-1DC6-483B-9211-8C41334CE315}"
EndProject
Project("{2150E333-8FDC-42A3-9474-1A3956D46DE8}") = "API", "API", "{0610E752-961E-43ED-84A6-273AE37C9BC2}"
EndProject
Project("{2150E333-8FDC-42A3-9474-1A3956D46DE8}") = "Models", "Models", "{5FFC444D-6F99-48B4-84CB-B43BCF089499}"
EndProject
Project("{2150E333-8FDC-42A3-9474-1A3956D46DE8}") = "Persistence", "Persistence", "{B0C832EC-4B3A-4547-95B9-D7BA56FA9E3A}"
EndProject
Project("{2150E333-8FDC-42A3-9474-1A3956D46DE8}") = "Services", "Services", "{D2A3162F-F9BB-4B51-95F9-06E4E2EBE455}"
EndProject
Project("{9A19103F-16F7-4668-BE54-9A1E7A4F7556}") = "Order.Domain", "src\Services\Order\Order.Domain\Order.Domain.csproj", "{260CD617-AA6C-4957-8441-54C491FBED6A}"
EndProject
Project("{9A19103F-16F7-4668-BE54-9A1E7A4F7556}") = "Order.Api", "src\Services\Order\Order.Api\Order.Api.csproj", "{4EAB2172-983B-492D-934A-BAC642C81973}"
EndProject
Project("{9A19103F-16F7-4668-BE54-9A1E7A4F7556}") = "Order.Persistence.Database", "src\Services\Order\Order.Persistence.Database\Order.Persistence.Database.csproj", "{6F91765B-A7ED-49CF-89A2-A46D54EFA2A6}"
EndProject
Project("{9A19103F-16F7-4668-BE54-9A1E7A4F7556}") = "Order.Service.Queries", "src\Services\Order\Order.Service.Queries\Order.Service.Queries.csproj", "{37D6B773-A436-4B9C-93AA-CC72A55961C3}"
EndProject
Project("{9A19103F-16F7-4668-BE54-9A1E7A4F7556}") = "Api.Gateway.WebClient", "src\Api.Gateway\Api.Gateway.WebClient\Api.Gateway.WebClient.csproj", "{FABA2618-3A52-444C-97B1-8CE7D20E15C6}"
EndProject
Project("{9A19103F-16F7-4668-BE54-9A1E7A4F7556}") = "Api.Gateway.Proxies", "src\Api.Gateway\Api.Gateway.Proxies\Api.Gateway.Proxies.csproj", "{A25CDDA3-D0AB-4E8A-80D4-AB5C24C66B6D}"
EndProject
Project("{9A19103F-16F7-4668-BE54-9A1E7A4F7556}") = "Api.Gateway.Models", "src\Api.Gateway\Api.Gateway.Models\Api.Gateway.Models.csproj", "{D43A3255-8337-4F47-8F36-6029D05BE900}"
EndProject
Project("{FAE04EC0-301F-11D3-BF4B-00C04F79EFBC}") = "Clients.WebClient", "Clients.WebClient\Clients.WebClient.csproj", "{301742EC-6745-4435-8EC6-B9FDCDF99A00}"
EndProject
Global
	GlobalSection(SolutionConfigurationPlatforms) = preSolution
		Debug|Any CPU = Debug|Any CPU
		Release|Any CPU = Release|Any CPU
	EndGlobalSection
	GlobalSection(ProjectConfigurationPlatforms) = postSolution
		{83AA2704-4ACE-4FAB-80E3-07B44ED0A799}.Debug|Any CPU.ActiveCfg = Debug|Any CPU
		{83AA2704-4ACE-4FAB-80E3-07B44ED0A799}.Debug|Any CPU.Build.0 = Debug|Any CPU
		{83AA2704-4ACE-4FAB-80E3-07B44ED0A799}.Release|Any CPU.ActiveCfg = Release|Any CPU
		{83AA2704-4ACE-4FAB-80E3-07B44ED0A799}.Release|Any CPU.Build.0 = Release|Any CPU
		{65A0C7C7-2B2A-4019-8124-1C66E94E12D4}.Debug|Any CPU.ActiveCfg = Debug|Any CPU
		{65A0C7C7-2B2A-4019-8124-1C66E94E12D4}.Debug|Any CPU.Build.0 = Debug|Any CPU
		{65A0C7C7-2B2A-4019-8124-1C66E94E12D4}.Release|Any CPU.ActiveCfg = Release|Any CPU
		{65A0C7C7-2B2A-4019-8124-1C66E94E12D4}.Release|Any CPU.Build.0 = Release|Any CPU
		{33B108A8-8E89-4248-A3ED-C4DF8B1371B4}.Debug|Any CPU.ActiveCfg = Debug|Any CPU
		{33B108A8-8E89-4248-A3ED-C4DF8B1371B4}.Debug|Any CPU.Build.0 = Debug|Any CPU
		{33B108A8-8E89-4248-A3ED-C4DF8B1371B4}.Release|Any CPU.ActiveCfg = Release|Any CPU
		{33B108A8-8E89-4248-A3ED-C4DF8B1371B4}.Release|Any CPU.Build.0 = Release|Any CPU
		{95AF06D6-D989-40E4-AC0F-9960BAD32481}.Debug|Any CPU.ActiveCfg = Debug|Any CPU
		{95AF06D6-D989-40E4-AC0F-9960BAD32481}.Debug|Any CPU.Build.0 = Debug|Any CPU
		{95AF06D6-D989-40E4-AC0F-9960BAD32481}.Release|Any CPU.ActiveCfg = Release|Any CPU
		{95AF06D6-D989-40E4-AC0F-9960BAD32481}.Release|Any CPU.Build.0 = Release|Any CPU
		{91881991-0382-451B-8565-6835C617CC8A}.Debug|Any CPU.ActiveCfg = Debug|Any CPU
		{91881991-0382-451B-8565-6835C617CC8A}.Debug|Any CPU.Build.0 = Debug|Any CPU
		{91881991-0382-451B-8565-6835C617CC8A}.Release|Any CPU.ActiveCfg = Release|Any CPU
		{91881991-0382-451B-8565-6835C617CC8A}.Release|Any CPU.Build.0 = Release|Any CPU
		{948C8C91-01A3-462D-91B1-C36B01A37FF6}.Debug|Any CPU.ActiveCfg = Debug|Any CPU
		{948C8C91-01A3-462D-91B1-C36B01A37FF6}.Debug|Any CPU.Build.0 = Debug|Any CPU
		{948C8C91-01A3-462D-91B1-C36B01A37FF6}.Release|Any CPU.ActiveCfg = Release|Any CPU
		{948C8C91-01A3-462D-91B1-C36B01A37FF6}.Release|Any CPU.Build.0 = Release|Any CPU
		{F62CB267-75EA-4877-89FA-E014E5E668E4}.Debug|Any CPU.ActiveCfg = Debug|Any CPU
		{F62CB267-75EA-4877-89FA-E014E5E668E4}.Debug|Any CPU.Build.0 = Debug|Any CPU
		{F62CB267-75EA-4877-89FA-E014E5E668E4}.Release|Any CPU.ActiveCfg = Release|Any CPU
		{F62CB267-75EA-4877-89FA-E014E5E668E4}.Release|Any CPU.Build.0 = Release|Any CPU
		{AF3A2255-1DC6-483B-9211-8C41334CE315}.Debug|Any CPU.ActiveCfg = Debug|Any CPU
		{AF3A2255-1DC6-483B-9211-8C41334CE315}.Debug|Any CPU.Build.0 = Debug|Any CPU
		{AF3A2255-1DC6-483B-9211-8C41334CE315}.Release|Any CPU.ActiveCfg = Release|Any CPU
		{AF3A2255-1DC6-483B-9211-8C41334CE315}.Release|Any CPU.Build.0 = Release|Any CPU
		{260CD617-AA6C-4957-8441-54C491FBED6A}.Debug|Any CPU.ActiveCfg = Debug|Any CPU
		{260CD617-AA6C-4957-8441-54C491FBED6A}.Debug|Any CPU.Build.0 = Debug|Any CPU
		{260CD617-AA6C-4957-8441-54C491FBED6A}.Release|Any CPU.ActiveCfg = Release|Any CPU
		{260CD617-AA6C-4957-8441-54C491FBED6A}.Release|Any CPU.Build.0 = Release|Any CPU
		{4EAB2172-983B-492D-934A-BAC642C81973}.Debug|Any CPU.ActiveCfg = Debug|Any CPU
		{4EAB2172-983B-492D-934A-BAC642C81973}.Debug|Any CPU.Build.0 = Debug|Any CPU
		{4EAB2172-983B-492D-934A-BAC642C81973}.Release|Any CPU.ActiveCfg = Release|Any CPU
		{4EAB2172-983B-492D-934A-BAC642C81973}.Release|Any CPU.Build.0 = Release|Any CPU
		{6F91765B-A7ED-49CF-89A2-A46D54EFA2A6}.Debug|Any CPU.ActiveCfg = Debug|Any CPU
		{6F91765B-A7ED-49CF-89A2-A46D54EFA2A6}.Debug|Any CPU.Build.0 = Debug|Any CPU
		{6F91765B-A7ED-49CF-89A2-A46D54EFA2A6}.Release|Any CPU.ActiveCfg = Release|Any CPU
		{6F91765B-A7ED-49CF-89A2-A46D54EFA2A6}.Release|Any CPU.Build.0 = Release|Any CPU
		{37D6B773-A436-4B9C-93AA-CC72A55961C3}.Debug|Any CPU.ActiveCfg = Debug|Any CPU
		{37D6B773-A436-4B9C-93AA-CC72A55961C3}.Debug|Any CPU.Build.0 = Debug|Any CPU
		{37D6B773-A436-4B9C-93AA-CC72A55961C3}.Release|Any CPU.ActiveCfg = Release|Any CPU
		{37D6B773-A436-4B9C-93AA-CC72A55961C3}.Release|Any CPU.Build.0 = Release|Any CPU
		{FABA2618-3A52-444C-97B1-8CE7D20E15C6}.Debug|Any CPU.ActiveCfg = Debug|Any CPU
		{FABA2618-3A52-444C-97B1-8CE7D20E15C6}.Debug|Any CPU.Build.0 = Debug|Any CPU
		{FABA2618-3A52-444C-97B1-8CE7D20E15C6}.Release|Any CPU.ActiveCfg = Release|Any CPU
		{FABA2618-3A52-444C-97B1-8CE7D20E15C6}.Release|Any CPU.Build.0 = Release|Any CPU
		{A25CDDA3-D0AB-4E8A-80D4-AB5C24C66B6D}.Debug|Any CPU.ActiveCfg = Debug|Any CPU
		{A25CDDA3-D0AB-4E8A-80D4-AB5C24C66B6D}.Debug|Any CPU.Build.0 = Debug|Any CPU
		{A25CDDA3-D0AB-4E8A-80D4-AB5C24C66B6D}.Release|Any CPU.ActiveCfg = Release|Any CPU
		{A25CDDA3-D0AB-4E8A-80D4-AB5C24C66B6D}.Release|Any CPU.Build.0 = Release|Any CPU
		{D43A3255-8337-4F47-8F36-6029D05BE900}.Debug|Any CPU.ActiveCfg = Debug|Any CPU
		{D43A3255-8337-4F47-8F36-6029D05BE900}.Debug|Any CPU.Build.0 = Debug|Any CPU
		{D43A3255-8337-4F47-8F36-6029D05BE900}.Release|Any CPU.ActiveCfg = Release|Any CPU
		{D43A3255-8337-4F47-8F36-6029D05BE900}.Release|Any CPU.Build.0 = Release|Any CPU
		{301742EC-6745-4435-8EC6-B9FDCDF99A00}.Debug|Any CPU.ActiveCfg = Debug|Any CPU
		{301742EC-6745-4435-8EC6-B9FDCDF99A00}.Debug|Any CPU.Build.0 = Debug|Any CPU
		{301742EC-6745-4435-8EC6-B9FDCDF99A00}.Release|Any CPU.ActiveCfg = Release|Any CPU
		{301742EC-6745-4435-8EC6-B9FDCDF99A00}.Release|Any CPU.Build.0 = Release|Any CPU
	EndGlobalSection
	GlobalSection(SolutionProperties) = preSolution
		HideSolutionNode = FALSE
	EndGlobalSection
	GlobalSection(NestedProjects) = preSolution
		{A50EAACF-F4D2-4293-8983-335E34C88508} = {58C96EC2-118C-4E52-897D-5325815898E7}
		{FC81A50C-1CD6-4F4F-9086-5857D7990AF2} = {58C96EC2-118C-4E52-897D-5325815898E7}
		{55D9EA4C-9F3F-4339-A27C-4737D0BC91B5} = {58C96EC2-118C-4E52-897D-5325815898E7}
		{83AA2704-4ACE-4FAB-80E3-07B44ED0A799} = {32498E10-F17F-4BBF-AC78-68A45C60D8F3}
		{32498E10-F17F-4BBF-AC78-68A45C60D8F3} = {A50EAACF-F4D2-4293-8983-335E34C88508}
		{20DFE46F-6CCE-428F-A0A7-1A6EF3D9C769} = {A50EAACF-F4D2-4293-8983-335E34C88508}
		{0B982655-6D4C-4F74-A9C9-D5E0B1BCE7B7} = {A50EAACF-F4D2-4293-8983-335E34C88508}
		{6C16D312-3331-4BD9-A521-49A512B4DA5B} = {A50EAACF-F4D2-4293-8983-335E34C88508}
		{65A0C7C7-2B2A-4019-8124-1C66E94E12D4} = {6C16D312-3331-4BD9-A521-49A512B4DA5B}
		{33B108A8-8E89-4248-A3ED-C4DF8B1371B4} = {0B982655-6D4C-4F74-A9C9-D5E0B1BCE7B7}
		{95AF06D6-D989-40E4-AC0F-9960BAD32481} = {20DFE46F-6CCE-428F-A0A7-1A6EF3D9C769}
		{4BE76087-4418-4C33-9D37-5635C20CF5EC} = {FC81A50C-1CD6-4F4F-9086-5857D7990AF2}
		{91881991-0382-451B-8565-6835C617CC8A} = {4BE76087-4418-4C33-9D37-5635C20CF5EC}
		{76CAA984-5EF9-48BB-A051-1274AA4FB6C3} = {FC81A50C-1CD6-4F4F-9086-5857D7990AF2}
		{0E513D99-F878-47C7-99E3-051343D558A3} = {FC81A50C-1CD6-4F4F-9086-5857D7990AF2}
		{0E7C9D23-DA18-4B3A-8DFA-F459E072B343} = {FC81A50C-1CD6-4F4F-9086-5857D7990AF2}
		{948C8C91-01A3-462D-91B1-C36B01A37FF6} = {76CAA984-5EF9-48BB-A051-1274AA4FB6C3}
		{F62CB267-75EA-4877-89FA-E014E5E668E4} = {0E513D99-F878-47C7-99E3-051343D558A3}
		{AF3A2255-1DC6-483B-9211-8C41334CE315} = {0E7C9D23-DA18-4B3A-8DFA-F459E072B343}
		{0610E752-961E-43ED-84A6-273AE37C9BC2} = {55D9EA4C-9F3F-4339-A27C-4737D0BC91B5}
		{5FFC444D-6F99-48B4-84CB-B43BCF089499} = {55D9EA4C-9F3F-4339-A27C-4737D0BC91B5}
		{B0C832EC-4B3A-4547-95B9-D7BA56FA9E3A} = {55D9EA4C-9F3F-4339-A27C-4737D0BC91B5}
		{D2A3162F-F9BB-4B51-95F9-06E4E2EBE455} = {55D9EA4C-9F3F-4339-A27C-4737D0BC91B5}
		{260CD617-AA6C-4957-8441-54C491FBED6A} = {5FFC444D-6F99-48B4-84CB-B43BCF089499}
		{4EAB2172-983B-492D-934A-BAC642C81973} = {0610E752-961E-43ED-84A6-273AE37C9BC2}
		{6F91765B-A7ED-49CF-89A2-A46D54EFA2A6} = {B0C832EC-4B3A-4547-95B9-D7BA56FA9E3A}
		{37D6B773-A436-4B9C-93AA-CC72A55961C3} = {D2A3162F-F9BB-4B51-95F9-06E4E2EBE455}
		{FABA2618-3A52-444C-97B1-8CE7D20E15C6} = {ACAD47E9-4707-425B-9553-69CAAE0458BB}
		{A25CDDA3-D0AB-4E8A-80D4-AB5C24C66B6D} = {ACAD47E9-4707-425B-9553-69CAAE0458BB}
		{D43A3255-8337-4F47-8F36-6029D05BE900} = {ACAD47E9-4707-425B-9553-69CAAE0458BB}
		{301742EC-6745-4435-8EC6-B9FDCDF99A00} = {6E2EE10A-3687-4851-88F7-A11B10DF9266}
	EndGlobalSection
	GlobalSection(ExtensibilityGlobals) = postSolution
		SolutionGuid = {F9801CD7-111E-4408-8DAE-19FF835EC25C}
	EndGlobalSection
EndGlobal
